
Microsoft Visual Studio Solution File, Format Version 12.00
# Visual Studio 14
VisualStudioVersion = 14.0.24720.0
MinimumVisualStudioVersion = 10.0.40219.1
Project("{8BC9CEB8-8B4A-11D0-8D11-00A0C91BC942}") = "MachiavelliClient", "Machiavelli\Machiavelli.vcxproj", "{ABCB4252-6967-4652-BB30-3F7CB0583F41}"
EndProject
Project("{8BC9CEB8-8B4A-11D0-8D11-00A0C91BC942}") = "Server", "Server\Server.vcxproj", "{C88974E8-BD35-436B-B161-D8BB30002DAE}"
EndProject
Project("{8BC9CEB8-8B4A-11D0-8D11-00A0C91BC942}") = "MachiavelliLib", "MachiavelliLib\MachiavelliLib.vcxproj", "{3C270D2A-132F-4E7C-9771-842587180C4D}"
EndProject
Project("{8BC9CEB8-8B4A-11D0-8D11-00A0C91BC942}") = "NonBlocking Server", "NonBlocking Server\NonBlocking Server.vcxproj", "{CBA9A76A-0DA8-42A9-8F59-29F339AE5842}"
EndProject
Global
	GlobalSection(SolutionConfigurationPlatforms) = preSolution
		Debug|x64 = Debug|x64
		Debug|x86 = Debug|x86
		Release|x64 = Release|x64
		Release|x86 = Release|x86
	EndGlobalSection
	GlobalSection(ProjectConfigurationPlatforms) = postSolution
		{ABCB4252-6967-4652-BB30-3F7CB0583F41}.Debug|x64.ActiveCfg = Debug|x64
		{ABCB4252-6967-4652-BB30-3F7CB0583F41}.Debug|x64.Build.0 = Debug|x64
		{ABCB4252-6967-4652-BB30-3F7CB0583F41}.Debug|x86.ActiveCfg = Debug|Win32
		{ABCB4252-6967-4652-BB30-3F7CB0583F41}.Debug|x86.Build.0 = Debug|Win32
		{ABCB4252-6967-4652-BB30-3F7CB0583F41}.Release|x64.ActiveCfg = Release|x64
		{ABCB4252-6967-4652-BB30-3F7CB0583F41}.Release|x64.Build.0 = Release|x64
		{ABCB4252-6967-4652-BB30-3F7CB0583F41}.Release|x86.ActiveCfg = Release|Win32
		{ABCB4252-6967-4652-BB30-3F7CB0583F41}.Release|x86.Build.0 = Release|Win32
		{C88974E8-BD35-436B-B161-D8BB30002DAE}.Debug|x64.ActiveCfg = Debug|x64
		{C88974E8-BD35-436B-B161-D8BB30002DAE}.Debug|x64.Build.0 = Debug|x64
		{C88974E8-BD35-436B-B161-D8BB30002DAE}.Debug|x86.ActiveCfg = Debug|Win32
		{C88974E8-BD35-436B-B161-D8BB30002DAE}.Debug|x86.Build.0 = Debug|Win32
		{C88974E8-BD35-436B-B161-D8BB30002DAE}.Release|x64.ActiveCfg = Release|x64
		{C88974E8-BD35-436B-B161-D8BB30002DAE}.Release|x64.Build.0 = Release|x64
		{C88974E8-BD35-436B-B161-D8BB30002DAE}.Release|x86.ActiveCfg = Release|Win32
		{C88974E8-BD35-436B-B161-D8BB30002DAE}.Release|x86.Build.0 = Release|Win32
		{3C270D2A-132F-4E7C-9771-842587180C4D}.Debug|x64.ActiveCfg = Debug|x64
		{3C270D2A-132F-4E7C-9771-842587180C4D}.Debug|x64.Build.0 = Debug|x64
		{3C270D2A-132F-4E7C-9771-842587180C4D}.Debug|x86.ActiveCfg = Debug|Win32
		{3C270D2A-132F-4E7C-9771-842587180C4D}.Debug|x86.Build.0 = Debug|Win32
		{3C270D2A-132F-4E7C-9771-842587180C4D}.Release|x64.ActiveCfg = Release|x64
		{3C270D2A-132F-4E7C-9771-842587180C4D}.Release|x64.Build.0 = Release|x64
		{3C270D2A-132F-4E7C-9771-842587180C4D}.Release|x86.ActiveCfg = Release|Win32
		{3C270D2A-132F-4E7C-9771-842587180C4D}.Release|x86.Build.0 = Release|Win32
		{CBA9A76A-0DA8-42A9-8F59-29F339AE5842}.Debug|x64.ActiveCfg = Debug|x64
		{CBA9A76A-0DA8-42A9-8F59-29F339AE5842}.Debug|x64.Build.0 = Debug|x64
		{CBA9A76A-0DA8-42A9-8F59-29F339AE5842}.Debug|x86.ActiveCfg = Debug|Win32
		{CBA9A76A-0DA8-42A9-8F59-29F339AE5842}.Debug|x86.Build.0 = Debug|Win32
		{CBA9A76A-0DA8-42A9-8F59-29F339AE5842}.Release|x64.ActiveCfg = Release|x64
		{CBA9A76A-0DA8-42A9-8F59-29F339AE5842}.Release|x64.Build.0 = Release|x64
		{CBA9A76A-0DA8-42A9-8F59-29F339AE5842}.Release|x86.ActiveCfg = Release|Win32
		{CBA9A76A-0DA8-42A9-8F59-29F339AE5842}.Release|x86.Build.0 = Release|Win32
	EndGlobalSection
	GlobalSection(SolutionProperties) = preSolution
		HideSolutionNode = FALSE
	EndGlobalSection
EndGlobal
